// !$*UTF8*$!
{
	archiveVersion = 1;
	classes = {
	};
	objectVersion = 51;
	objects = {

/* Begin PBXBuildFile section */
		6415901FB3376BF198B40D95 /* Pods_ShortcutManager.framework in Frameworks */ = {isa = PBXBuildFile; fileRef = 5A82CC2C4F97DE5D1D8366A0 /* Pods_ShortcutManager.framework */; };
		8513629322BA87D900FA8760 /* AppDelegate.swift in Sources */ = {isa = PBXBuildFile; fileRef = 8513629222BA87D900FA8760 /* AppDelegate.swift */; };
		8513629722BA87DA00FA8760 /* Assets.xcassets in Resources */ = {isa = PBXBuildFile; fileRef = 8513629622BA87DA00FA8760 /* Assets.xcassets */; };
		8513629A22BA87DA00FA8760 /* Main.storyboard in Resources */ = {isa = PBXBuildFile; fileRef = 8513629822BA87DA00FA8760 /* Main.storyboard */; };
		851362A922BA891200FA8760 /* Main_AppListVC.swift in Sources */ = {isa = PBXBuildFile; fileRef = 851362A822BA891200FA8760 /* Main_AppListVC.swift */; };
		851362AB22BA893300FA8760 /* Directory.swift in Sources */ = {isa = PBXBuildFile; fileRef = 851362AA22BA893300FA8760 /* Directory.swift */; };
		851362AD22BA8B1400FA8760 /* HotKeyManager.swift in Sources */ = {isa = PBXBuildFile; fileRef = 851362AC22BA8B1400FA8760 /* HotKeyManager.swift */; };
		D20C53EB22BB2A1A004FA266 /* PopoverController.swift in Sources */ = {isa = PBXBuildFile; fileRef = D20C53EA22BB2A1A004FA266 /* PopoverController.swift */; };
		D20C53F222BB35BB004FA266 /* Settings_Left.swift in Sources */ = {isa = PBXBuildFile; fileRef = D20C53ED22BB35BB004FA266 /* Settings_Left.swift */; };
		D20C53F322BB35BB004FA266 /* Settings.storyboard in Resources */ = {isa = PBXBuildFile; fileRef = D20C53EE22BB35BB004FA266 /* Settings.storyboard */; };
		D20C53F422BB35BB004FA266 /* Settings_Preferences.swift in Sources */ = {isa = PBXBuildFile; fileRef = D20C53EF22BB35BB004FA266 /* Settings_Preferences.swift */; };
		D20C53F522BB35BB004FA266 /* Settings_About.swift in Sources */ = {isa = PBXBuildFile; fileRef = D20C53F022BB35BB004FA266 /* Settings_About.swift */; };
		D20C53F622BB35BB004FA266 /* Settings_Welcome.swift in Sources */ = {isa = PBXBuildFile; fileRef = D20C53F122BB35BB004FA266 /* Settings_Welcome.swift */; };
		D20C53F822BB36BE004FA266 /* Constants.swift in Sources */ = {isa = PBXBuildFile; fileRef = D20C53F722BB36BE004FA266 /* Constants.swift */; };
		D20C53FA22BB370F004FA266 /* CTCircleButton.swift in Sources */ = {isa = PBXBuildFile; fileRef = D20C53F922BB370F004FA266 /* CTCircleButton.swift */; };
		D20C53FC22BB503D004FA266 /* CommonUtil.swift in Sources */ = {isa = PBXBuildFile; fileRef = D20C53FB22BB503D004FA266 /* CommonUtil.swift */; };
		D20C540422BB532F004FA266 /* AppDelegate.swift in Sources */ = {isa = PBXBuildFile; fileRef = D20C540322BB532F004FA266 /* AppDelegate.swift */; };
		D20C540822BB5330004FA266 /* Assets.xcassets in Resources */ = {isa = PBXBuildFile; fileRef = D20C540722BB5330004FA266 /* Assets.xcassets */; };
		D20C540B22BB5330004FA266 /* Main.storyboard in Resources */ = {isa = PBXBuildFile; fileRef = D20C540922BB5330004FA266 /* Main.storyboard */; };
		D20C541422BB53D3004FA266 /* LoginHelper.app in CopyFiles */ = {isa = PBXBuildFile; fileRef = D20C540122BB532F004FA266 /* LoginHelper.app */; settings = {ATTRIBUTES = (RemoveHeadersOnCopy, ); }; };
		D20C541622BB53FB004FA266 /* AutoLogin.swift in Sources */ = {isa = PBXBuildFile; fileRef = D20C541522BB53FB004FA266 /* AutoLogin.swift */; };
		D20C541B22BB5B0A004FA266 /* ADragDropView.swift in Sources */ = {isa = PBXBuildFile; fileRef = D20C541922BB5B0A004FA266 /* ADragDropView.swift */; };
		D20C541C22BB5B0A004FA266 /* NSDraggingInfo+FilePathURL.swift in Sources */ = {isa = PBXBuildFile; fileRef = D20C541A22BB5B0A004FA266 /* NSDraggingInfo+FilePathURL.swift */; };
		D20C542022BB5F6B004FA266 /* CTWindowViewController.swift in Sources */ = {isa = PBXBuildFile; fileRef = D20C541F22BB5F6B004FA266 /* CTWindowViewController.swift */; };
		D20C542222BB662F004FA266 /* Main_AppPlusVC.swift in Sources */ = {isa = PBXBuildFile; fileRef = D20C542122BB662F004FA266 /* Main_AppPlusVC.swift */; };
/* End PBXBuildFile section */

/* Begin PBXCopyFilesBuildPhase section */
		D20C541322BB53CA004FA266 /* CopyFiles */ = {
			isa = PBXCopyFilesBuildPhase;
			buildActionMask = 2147483647;
			dstPath = Contents/Library/LoginItems;
			dstSubfolderSpec = 1;
			files = (
				D20C541422BB53D3004FA266 /* LoginHelper.app in CopyFiles */,
			);
			runOnlyForDeploymentPostprocessing = 0;
		};
/* End PBXCopyFilesBuildPhase section */

/* Begin PBXFileReference section */
		5A82CC2C4F97DE5D1D8366A0 /* Pods_ShortcutManager.framework */ = {isa = PBXFileReference; explicitFileType = wrapper.framework; includeInIndex = 0; path = Pods_ShortcutManager.framework; sourceTree = BUILT_PRODUCTS_DIR; };
		7105E2B838AB720EBC5EE111 /* Pods-ShortcutManager.debug.xcconfig */ = {isa = PBXFileReference; includeInIndex = 1; lastKnownFileType = text.xcconfig; name = "Pods-ShortcutManager.debug.xcconfig"; path = "Pods/Target Support Files/Pods-ShortcutManager/Pods-ShortcutManager.debug.xcconfig"; sourceTree = "<group>"; };
		8513628F22BA87D900FA8760 /* ShortcutManager.app */ = {isa = PBXFileReference; explicitFileType = wrapper.application; includeInIndex = 0; path = ShortcutManager.app; sourceTree = BUILT_PRODUCTS_DIR; };
		8513629222BA87D900FA8760 /* AppDelegate.swift */ = {isa = PBXFileReference; lastKnownFileType = sourcecode.swift; path = AppDelegate.swift; sourceTree = "<group>"; };
		8513629622BA87DA00FA8760 /* Assets.xcassets */ = {isa = PBXFileReference; lastKnownFileType = folder.assetcatalog; path = Assets.xcassets; sourceTree = "<group>"; };
		8513629922BA87DA00FA8760 /* Base */ = {isa = PBXFileReference; lastKnownFileType = file.storyboard; name = Base; path = Base.lproj/Main.storyboard; sourceTree = "<group>"; };
		8513629B22BA87DA00FA8760 /* Info.plist */ = {isa = PBXFileReference; lastKnownFileType = text.plist.xml; path = Info.plist; sourceTree = "<group>"; };
		8513629C22BA87DA00FA8760 /* ShortcutManager.entitlements */ = {isa = PBXFileReference; lastKnownFileType = text.plist.entitlements; path = ShortcutManager.entitlements; sourceTree = "<group>"; };
		851362A822BA891200FA8760 /* Main_AppListVC.swift */ = {isa = PBXFileReference; lastKnownFileType = sourcecode.swift; path = Main_AppListVC.swift; sourceTree = "<group>"; };
		851362AA22BA893300FA8760 /* Directory.swift */ = {isa = PBXFileReference; lastKnownFileType = sourcecode.swift; path = Directory.swift; sourceTree = "<group>"; };
		851362AC22BA8B1400FA8760 /* HotKeyManager.swift */ = {isa = PBXFileReference; lastKnownFileType = sourcecode.swift; path = HotKeyManager.swift; sourceTree = "<group>"; };
		C46CF513A13B942BFD04C12B /* Pods-ShortcutManager.release.xcconfig */ = {isa = PBXFileReference; includeInIndex = 1; lastKnownFileType = text.xcconfig; name = "Pods-ShortcutManager.release.xcconfig"; path = "Pods/Target Support Files/Pods-ShortcutManager/Pods-ShortcutManager.release.xcconfig"; sourceTree = "<group>"; };
		D20C53EA22BB2A1A004FA266 /* PopoverController.swift */ = {isa = PBXFileReference; lastKnownFileType = sourcecode.swift; path = PopoverController.swift; sourceTree = "<group>"; };
		D20C53ED22BB35BB004FA266 /* Settings_Left.swift */ = {isa = PBXFileReference; fileEncoding = 4; lastKnownFileType = sourcecode.swift; path = Settings_Left.swift; sourceTree = "<group>"; };
		D20C53EE22BB35BB004FA266 /* Settings.storyboard */ = {isa = PBXFileReference; fileEncoding = 4; lastKnownFileType = file.storyboard; path = Settings.storyboard; sourceTree = "<group>"; };
		D20C53EF22BB35BB004FA266 /* Settings_Preferences.swift */ = {isa = PBXFileReference; fileEncoding = 4; lastKnownFileType = sourcecode.swift; path = Settings_Preferences.swift; sourceTree = "<group>"; };
		D20C53F022BB35BB004FA266 /* Settings_About.swift */ = {isa = PBXFileReference; fileEncoding = 4; lastKnownFileType = sourcecode.swift; path = Settings_About.swift; sourceTree = "<group>"; };
		D20C53F122BB35BB004FA266 /* Settings_Welcome.swift */ = {isa = PBXFileReference; fileEncoding = 4; lastKnownFileType = sourcecode.swift; path = Settings_Welcome.swift; sourceTree = "<group>"; };
		D20C53F722BB36BE004FA266 /* Constants.swift */ = {isa = PBXFileReference; lastKnownFileType = sourcecode.swift; path = Constants.swift; sourceTree = "<group>"; };
		D20C53F922BB370F004FA266 /* CTCircleButton.swift */ = {isa = PBXFileReference; lastKnownFileType = sourcecode.swift; path = CTCircleButton.swift; sourceTree = "<group>"; };
		D20C53FB22BB503D004FA266 /* CommonUtil.swift */ = {isa = PBXFileReference; lastKnownFileType = sourcecode.swift; path = CommonUtil.swift; sourceTree = "<group>"; };
		D20C540122BB532F004FA266 /* LoginHelper.app */ = {isa = PBXFileReference; explicitFileType = wrapper.application; includeInIndex = 0; path = LoginHelper.app; sourceTree = BUILT_PRODUCTS_DIR; };
		D20C540322BB532F004FA266 /* AppDelegate.swift */ = {isa = PBXFileReference; lastKnownFileType = sourcecode.swift; path = AppDelegate.swift; sourceTree = "<group>"; };
		D20C540722BB5330004FA266 /* Assets.xcassets */ = {isa = PBXFileReference; lastKnownFileType = folder.assetcatalog; path = Assets.xcassets; sourceTree = "<group>"; };
		D20C540A22BB5330004FA266 /* Base */ = {isa = PBXFileReference; lastKnownFileType = file.storyboard; name = Base; path = Base.lproj/Main.storyboard; sourceTree = "<group>"; };
		D20C540C22BB5330004FA266 /* Info.plist */ = {isa = PBXFileReference; lastKnownFileType = text.plist.xml; path = Info.plist; sourceTree = "<group>"; };
		D20C540D22BB5330004FA266 /* LoginHelper.entitlements */ = {isa = PBXFileReference; lastKnownFileType = text.plist.entitlements; path = LoginHelper.entitlements; sourceTree = "<group>"; };
		D20C541522BB53FB004FA266 /* AutoLogin.swift */ = {isa = PBXFileReference; lastKnownFileType = sourcecode.swift; path = AutoLogin.swift; sourceTree = "<group>"; };
		D20C541922BB5B0A004FA266 /* ADragDropView.swift */ = {isa = PBXFileReference; fileEncoding = 4; lastKnownFileType = sourcecode.swift; path = ADragDropView.swift; sourceTree = "<group>"; };
		D20C541A22BB5B0A004FA266 /* NSDraggingInfo+FilePathURL.swift */ = {isa = PBXFileReference; fileEncoding = 4; lastKnownFileType = sourcecode.swift; path = "NSDraggingInfo+FilePathURL.swift"; sourceTree = "<group>"; };
		D20C541F22BB5F6B004FA266 /* CTWindowViewController.swift */ = {isa = PBXFileReference; lastKnownFileType = sourcecode.swift; path = CTWindowViewController.swift; sourceTree = "<group>"; };
		D20C542122BB662F004FA266 /* Main_AppPlusVC.swift */ = {isa = PBXFileReference; lastKnownFileType = sourcecode.swift; path = Main_AppPlusVC.swift; sourceTree = "<group>"; };
/* End PBXFileReference section */

/* Begin PBXFrameworksBuildPhase section */
		8513628C22BA87D900FA8760 /* Frameworks */ = {
			isa = PBXFrameworksBuildPhase;
			buildActionMask = 2147483647;
			files = (
				6415901FB3376BF198B40D95 /* Pods_ShortcutManager.framework in Frameworks */,
			);
			runOnlyForDeploymentPostprocessing = 0;
		};
		D20C53FE22BB532F004FA266 /* Frameworks */ = {
			isa = PBXFrameworksBuildPhase;
			buildActionMask = 2147483647;
			files = (
			);
			runOnlyForDeploymentPostprocessing = 0;
		};
/* End PBXFrameworksBuildPhase section */

/* Begin PBXGroup section */
		020682D349C93DAF36218691 /* Pods */ = {
			isa = PBXGroup;
			children = (
				7105E2B838AB720EBC5EE111 /* Pods-ShortcutManager.debug.xcconfig */,
				C46CF513A13B942BFD04C12B /* Pods-ShortcutManager.release.xcconfig */,
			);
			name = Pods;
			sourceTree = "<group>";
		};
		8513628622BA87D900FA8760 = {
			isa = PBXGroup;
			children = (
				8513629122BA87D900FA8760 /* ShortcutManager */,
				D20C540222BB532F004FA266 /* LoginHelper */,
				8513629022BA87D900FA8760 /* Products */,
				020682D349C93DAF36218691 /* Pods */,
				D0AF1A47D729F77D8C8682F1 /* Frameworks */,
			);
			sourceTree = "<group>";
		};
		8513629022BA87D900FA8760 /* Products */ = {
			isa = PBXGroup;
			children = (
				8513628F22BA87D900FA8760 /* ShortcutManager.app */,
				D20C540122BB532F004FA266 /* LoginHelper.app */,
			);
			name = Products;
			sourceTree = "<group>";
		};
		8513629122BA87D900FA8760 /* ShortcutManager */ = {
			isa = PBXGroup;
			children = (
				D20C541722BB5B04004FA266 /* View */,
				851362A222BA887700FA8760 /* Common */,
				851362A422BA888900FA8760 /* ViewControllers */,
				851362A322BA887E00FA8760 /* SupportFiles */,
			);
			path = ShortcutManager;
			sourceTree = "<group>";
		};
		851362A222BA887700FA8760 /* Common */ = {
			isa = PBXGroup;
			children = (
				851362AA22BA893300FA8760 /* Directory.swift */,
				851362AC22BA8B1400FA8760 /* HotKeyManager.swift */,
				D20C53EA22BB2A1A004FA266 /* PopoverController.swift */,
				D20C53F722BB36BE004FA266 /* Constants.swift */,
				D20C541522BB53FB004FA266 /* AutoLogin.swift */,
				D20C53FB22BB503D004FA266 /* CommonUtil.swift */,
			);
			path = Common;
			sourceTree = "<group>";
		};
		851362A322BA887E00FA8760 /* SupportFiles */ = {
			isa = PBXGroup;
			children = (
				8513629622BA87DA00FA8760 /* Assets.xcassets */,
				8513629B22BA87DA00FA8760 /* Info.plist */,
				8513629C22BA87DA00FA8760 /* ShortcutManager.entitlements */,
			);
			path = SupportFiles;
			sourceTree = "<group>";
		};
		851362A422BA888900FA8760 /* ViewControllers */ = {
			isa = PBXGroup;
			children = (
				8513629222BA87D900FA8760 /* AppDelegate.swift */,
				D20C541F22BB5F6B004FA266 /* CTWindowViewController.swift */,
				851362A722BA88EC00FA8760 /* Main */,
				D20C53EC22BB35BB004FA266 /* Settings */,
			);
			path = ViewControllers;
			sourceTree = "<group>";
		};
		851362A722BA88EC00FA8760 /* Main */ = {
			isa = PBXGroup;
			children = (
				8513629822BA87DA00FA8760 /* Main.storyboard */,
				851362A822BA891200FA8760 /* Main_AppListVC.swift */,
				D20C542122BB662F004FA266 /* Main_AppPlusVC.swift */,
			);
			path = Main;
			sourceTree = "<group>";
		};
		D0AF1A47D729F77D8C8682F1 /* Frameworks */ = {
			isa = PBXGroup;
			children = (
				5A82CC2C4F97DE5D1D8366A0 /* Pods_ShortcutManager.framework */,
			);
			name = Frameworks;
			sourceTree = "<group>";
		};
		D20C53EC22BB35BB004FA266 /* Settings */ = {
			isa = PBXGroup;
			children = (
				D20C53ED22BB35BB004FA266 /* Settings_Left.swift */,
				D20C53EE22BB35BB004FA266 /* Settings.storyboard */,
				D20C53EF22BB35BB004FA266 /* Settings_Preferences.swift */,
				D20C53F022BB35BB004FA266 /* Settings_About.swift */,
				D20C53F122BB35BB004FA266 /* Settings_Welcome.swift */,
			);
			path = Settings;
			sourceTree = "<group>";
		};
		D20C540222BB532F004FA266 /* LoginHelper */ = {
			isa = PBXGroup;
			children = (
				D20C540322BB532F004FA266 /* AppDelegate.swift */,
				D20C540722BB5330004FA266 /* Assets.xcassets */,
				D20C540922BB5330004FA266 /* Main.storyboard */,
				D20C540C22BB5330004FA266 /* Info.plist */,
				D20C540D22BB5330004FA266 /* LoginHelper.entitlements */,
			);
			path = LoginHelper;
			sourceTree = "<group>";
		};
		D20C541722BB5B04004FA266 /* View */ = {
			isa = PBXGroup;
			children = (
				D20C53F922BB370F004FA266 /* CTCircleButton.swift */,
				D20C541822BB5B0A004FA266 /* ADragDropView */,
			);
			path = View;
			sourceTree = "<group>";
		};
		D20C541822BB5B0A004FA266 /* ADragDropView */ = {
			isa = PBXGroup;
			children = (
				D20C541922BB5B0A004FA266 /* ADragDropView.swift */,
				D20C541A22BB5B0A004FA266 /* NSDraggingInfo+FilePathURL.swift */,
			);
			path = ADragDropView;
			sourceTree = "<group>";
		};
/* End PBXGroup section */

/* Begin PBXNativeTarget section */
		8513628E22BA87D900FA8760 /* ShortcutManager */ = {
			isa = PBXNativeTarget;
			buildConfigurationList = 8513629F22BA87DA00FA8760 /* Build configuration list for PBXNativeTarget "ShortcutManager" */;
			buildPhases = (
				5A94975C2955EF86A13A2005 /* [CP] Check Pods Manifest.lock */,
				8513628B22BA87D900FA8760 /* Sources */,
				8513628C22BA87D900FA8760 /* Frameworks */,
				8513628D22BA87D900FA8760 /* Resources */,
				D20C541322BB53CA004FA266 /* CopyFiles */,
				B92618E7DE27FD4047C67799 /* [CP] Embed Pods Frameworks */,
			);
			buildRules = (
			);
			dependencies = (
			);
			name = ShortcutManager;
			productName = ShortcutManager;
			productReference = 8513628F22BA87D900FA8760 /* ShortcutManager.app */;
			productType = "com.apple.product-type.application";
		};
		D20C540022BB532F004FA266 /* LoginHelper */ = {
			isa = PBXNativeTarget;
			buildConfigurationList = D20C540E22BB5330004FA266 /* Build configuration list for PBXNativeTarget "LoginHelper" */;
			buildPhases = (
				D20C53FD22BB532F004FA266 /* Sources */,
				D20C53FE22BB532F004FA266 /* Frameworks */,
				D20C53FF22BB532F004FA266 /* Resources */,
			);
			buildRules = (
			);
			dependencies = (
			);
			name = LoginHelper;
			productName = LoginHelper;
			productReference = D20C540122BB532F004FA266 /* LoginHelper.app */;
			productType = "com.apple.product-type.application";
		};
/* End PBXNativeTarget section */

/* Begin PBXProject section */
		8513628722BA87D900FA8760 /* Project object */ = {
			isa = PBXProject;
			attributes = {
				LastSwiftUpdateCheck = 1020;
				LastUpgradeCheck = 1020;
				ORGANIZATIONNAME = bugking;
				TargetAttributes = {
					8513628E22BA87D900FA8760 = {
						CreatedOnToolsVersion = 10.2.1;
						SystemCapabilities = {
							com.apple.Sandbox = {
								enabled = 1;
							};
							com.apple.iCloud = {
								enabled = 0;
							};
						};
					};
					D20C540022BB532F004FA266 = {
						CreatedOnToolsVersion = 10.2.1;
					};
				};
			};
			buildConfigurationList = 8513628A22BA87D900FA8760 /* Build configuration list for PBXProject "ShortcutManager" */;
			compatibilityVersion = "Xcode 9.3";
			developmentRegion = en;
			hasScannedForEncodings = 0;
			knownRegions = (
				en,
				Base,
			);
			mainGroup = 8513628622BA87D900FA8760;
			productRefGroup = 8513629022BA87D900FA8760 /* Products */;
			projectDirPath = "";
			projectRoot = "";
			targets = (
				8513628E22BA87D900FA8760 /* ShortcutManager */,
				D20C540022BB532F004FA266 /* LoginHelper */,
			);
		};
/* End PBXProject section */

/* Begin PBXResourcesBuildPhase section */
		8513628D22BA87D900FA8760 /* Resources */ = {
			isa = PBXResourcesBuildPhase;
			buildActionMask = 2147483647;
			files = (
				D20C53F322BB35BB004FA266 /* Settings.storyboard in Resources */,
				8513629722BA87DA00FA8760 /* Assets.xcassets in Resources */,
				8513629A22BA87DA00FA8760 /* Main.storyboard in Resources */,
			);
			runOnlyForDeploymentPostprocessing = 0;
		};
		D20C53FF22BB532F004FA266 /* Resources */ = {
			isa = PBXResourcesBuildPhase;
			buildActionMask = 2147483647;
			files = (
				D20C540822BB5330004FA266 /* Assets.xcassets in Resources */,
				D20C540B22BB5330004FA266 /* Main.storyboard in Resources */,
			);
			runOnlyForDeploymentPostprocessing = 0;
		};
/* End PBXResourcesBuildPhase section */

/* Begin PBXShellScriptBuildPhase section */
		5A94975C2955EF86A13A2005 /* [CP] Check Pods Manifest.lock */ = {
			isa = PBXShellScriptBuildPhase;
			buildActionMask = 2147483647;
			files = (
			);
			inputFileListPaths = (
			);
			inputPaths = (
				"${PODS_PODFILE_DIR_PATH}/Podfile.lock",
				"${PODS_ROOT}/Manifest.lock",
			);
			name = "[CP] Check Pods Manifest.lock";
			outputFileListPaths = (
			);
			outputPaths = (
				"$(DERIVED_FILE_DIR)/Pods-ShortcutManager-checkManifestLockResult.txt",
			);
			runOnlyForDeploymentPostprocessing = 0;
			shellPath = /bin/sh;
			shellScript = "diff \"${PODS_PODFILE_DIR_PATH}/Podfile.lock\" \"${PODS_ROOT}/Manifest.lock\" > /dev/null\nif [ $? != 0 ] ; then\n    # print error to STDERR\n    echo \"error: The sandbox is not in sync with the Podfile.lock. Run 'pod install' or update your CocoaPods installation.\" >&2\n    exit 1\nfi\n# This output is used by Xcode 'outputs' to avoid re-running this script phase.\necho \"SUCCESS\" > \"${SCRIPT_OUTPUT_FILE_0}\"\n";
			showEnvVarsInLog = 0;
		};
		B92618E7DE27FD4047C67799 /* [CP] Embed Pods Frameworks */ = {
			isa = PBXShellScriptBuildPhase;
			buildActionMask = 2147483647;
			files = (
			);
			inputFileListPaths = (
			);
			inputPaths = (
				"${SRCROOT}/Pods/Target Support Files/Pods-ShortcutManager/Pods-ShortcutManager-frameworks.sh",
				"${BUILT_PRODUCTS_DIR}/MASShortcut/MASShortcut.framework",
			);
			name = "[CP] Embed Pods Frameworks";
			outputFileListPaths = (
			);
			outputPaths = (
				"${TARGET_BUILD_DIR}/${FRAMEWORKS_FOLDER_PATH}/MASShortcut.framework",
			);
			runOnlyForDeploymentPostprocessing = 0;
			shellPath = /bin/sh;
			shellScript = "\"${SRCROOT}/Pods/Target Support Files/Pods-ShortcutManager/Pods-ShortcutManager-frameworks.sh\"\n";
			showEnvVarsInLog = 0;
		};
/* End PBXShellScriptBuildPhase section */

/* Begin PBXSourcesBuildPhase section */
		8513628B22BA87D900FA8760 /* Sources */ = {
			isa = PBXSourcesBuildPhase;
			buildActionMask = 2147483647;
			files = (
				D20C53F422BB35BB004FA266 /* Settings_Preferences.swift in Sources */,
				8513629322BA87D900FA8760 /* AppDelegate.swift in Sources */,
				D20C541C22BB5B0A004FA266 /* NSDraggingInfo+FilePathURL.swift in Sources */,
				D20C53FC22BB503D004FA266 /* CommonUtil.swift in Sources */,
				D20C53F522BB35BB004FA266 /* Settings_About.swift in Sources */,
				D20C542022BB5F6B004FA266 /* CTWindowViewController.swift in Sources */,
				D20C53F622BB35BB004FA266 /* Settings_Welcome.swift in Sources */,
				D20C53FA22BB370F004FA266 /* CTCircleButton.swift in Sources */,
				D20C541622BB53FB004FA266 /* AutoLogin.swift in Sources */,
				851362AD22BA8B1400FA8760 /* HotKeyManager.swift in Sources */,
				D20C53F822BB36BE004FA266 /* Constants.swift in Sources */,
				851362A922BA891200FA8760 /* Main_AppListVC.swift in Sources */,
				851362AB22BA893300FA8760 /* Directory.swift in Sources */,
				D20C542222BB662F004FA266 /* Main_AppPlusVC.swift in Sources */,
				D20C541B22BB5B0A004FA266 /* ADragDropView.swift in Sources */,
				D20C53EB22BB2A1A004FA266 /* PopoverController.swift in Sources */,
				D20C53F222BB35BB004FA266 /* Settings_Left.swift in Sources */,
			);
			runOnlyForDeploymentPostprocessing = 0;
		};
		D20C53FD22BB532F004FA266 /* Sources */ = {
			isa = PBXSourcesBuildPhase;
			buildActionMask = 2147483647;
			files = (
				D20C540422BB532F004FA266 /* AppDelegate.swift in Sources */,
			);
			runOnlyForDeploymentPostprocessing = 0;
		};
/* End PBXSourcesBuildPhase section */

/* Begin PBXVariantGroup section */
		8513629822BA87DA00FA8760 /* Main.storyboard */ = {
			isa = PBXVariantGroup;
			children = (
				8513629922BA87DA00FA8760 /* Base */,
			);
			name = Main.storyboard;
			sourceTree = "<group>";
		};
		D20C540922BB5330004FA266 /* Main.storyboard */ = {
			isa = PBXVariantGroup;
			children = (
				D20C540A22BB5330004FA266 /* Base */,
			);
			name = Main.storyboard;
			sourceTree = "<group>";
		};
/* End PBXVariantGroup section */

/* Begin XCBuildConfiguration section */
		8513629D22BA87DA00FA8760 /* Debug */ = {
			isa = XCBuildConfiguration;
			buildSettings = {
				ALWAYS_SEARCH_USER_PATHS = NO;
				CLANG_ANALYZER_NONNULL = YES;
				CLANG_ANALYZER_NUMBER_OBJECT_CONVERSION = YES_AGGRESSIVE;
				CLANG_CXX_LANGUAGE_STANDARD = "gnu++14";
				CLANG_CXX_LIBRARY = "libc++";
				CLANG_ENABLE_MODULES = YES;
				CLANG_ENABLE_OBJC_ARC = YES;
				CLANG_ENABLE_OBJC_WEAK = YES;
				CLANG_WARN_BLOCK_CAPTURE_AUTORELEASING = YES;
				CLANG_WARN_BOOL_CONVERSION = YES;
				CLANG_WARN_COMMA = YES;
				CLANG_WARN_CONSTANT_CONVERSION = YES;
				CLANG_WARN_DEPRECATED_OBJC_IMPLEMENTATIONS = YES;
				CLANG_WARN_DIRECT_OBJC_ISA_USAGE = YES_ERROR;
				CLANG_WARN_DOCUMENTATION_COMMENTS = YES;
				CLANG_WARN_EMPTY_BODY = YES;
				CLANG_WARN_ENUM_CONVERSION = YES;
				CLANG_WARN_INFINITE_RECURSION = YES;
				CLANG_WARN_INT_CONVERSION = YES;
				CLANG_WARN_NON_LITERAL_NULL_CONVERSION = YES;
				CLANG_WARN_OBJC_IMPLICIT_RETAIN_SELF = YES;
				CLANG_WARN_OBJC_LITERAL_CONVERSION = YES;
				CLANG_WARN_OBJC_ROOT_CLASS = YES_ERROR;
				CLANG_WARN_RANGE_LOOP_ANALYSIS = YES;
				CLANG_WARN_STRICT_PROTOTYPES = YES;
				CLANG_WARN_SUSPICIOUS_MOVE = YES;
				CLANG_WARN_UNGUARDED_AVAILABILITY = YES_AGGRESSIVE;
				CLANG_WARN_UNREACHABLE_CODE = YES;
				CLANG_WARN__DUPLICATE_METHOD_MATCH = YES;
				CODE_SIGN_IDENTITY = "Mac Developer";
				COPY_PHASE_STRIP = NO;
				DEBUG_INFORMATION_FORMAT = dwarf;
				ENABLE_STRICT_OBJC_MSGSEND = YES;
				ENABLE_TESTABILITY = YES;
				GCC_C_LANGUAGE_STANDARD = gnu11;
				GCC_DYNAMIC_NO_PIC = NO;
				GCC_NO_COMMON_BLOCKS = YES;
				GCC_OPTIMIZATION_LEVEL = 0;
				GCC_PREPROCESSOR_DEFINITIONS = (
					"DEBUG=1",
					"$(inherited)",
				);
				GCC_WARN_64_TO_32_BIT_CONVERSION = YES;
				GCC_WARN_ABOUT_RETURN_TYPE = YES_ERROR;
				GCC_WARN_UNDECLARED_SELECTOR = YES;
				GCC_WARN_UNINITIALIZED_AUTOS = YES_AGGRESSIVE;
				GCC_WARN_UNUSED_FUNCTION = YES;
				GCC_WARN_UNUSED_VARIABLE = YES;
				MACOSX_DEPLOYMENT_TARGET = 10.10;
				MTL_ENABLE_DEBUG_INFO = INCLUDE_SOURCE;
				MTL_FAST_MATH = YES;
				ONLY_ACTIVE_ARCH = YES;
				SDKROOT = macosx;
				SWIFT_ACTIVE_COMPILATION_CONDITIONS = DEBUG;
				SWIFT_OPTIMIZATION_LEVEL = "-Onone";
			};
			name = Debug;
		};
		8513629E22BA87DA00FA8760 /* Release */ = {
			isa = XCBuildConfiguration;
			buildSettings = {
				ALWAYS_SEARCH_USER_PATHS = NO;
				CLANG_ANALYZER_NONNULL = YES;
				CLANG_ANALYZER_NUMBER_OBJECT_CONVERSION = YES_AGGRESSIVE;
				CLANG_CXX_LANGUAGE_STANDARD = "gnu++14";
				CLANG_CXX_LIBRARY = "libc++";
				CLANG_ENABLE_MODULES = YES;
				CLANG_ENABLE_OBJC_ARC = YES;
				CLANG_ENABLE_OBJC_WEAK = YES;
				CLANG_WARN_BLOCK_CAPTURE_AUTORELEASING = YES;
				CLANG_WARN_BOOL_CONVERSION = YES;
				CLANG_WARN_COMMA = YES;
				CLANG_WARN_CONSTANT_CONVERSION = YES;
				CLANG_WARN_DEPRECATED_OBJC_IMPLEMENTATIONS = YES;
				CLANG_WARN_DIRECT_OBJC_ISA_USAGE = YES_ERROR;
				CLANG_WARN_DOCUMENTATION_COMMENTS = YES;
				CLANG_WARN_EMPTY_BODY = YES;
				CLANG_WARN_ENUM_CONVERSION = YES;
				CLANG_WARN_INFINITE_RECURSION = YES;
				CLANG_WARN_INT_CONVERSION = YES;
				CLANG_WARN_NON_LITERAL_NULL_CONVERSION = YES;
				CLANG_WARN_OBJC_IMPLICIT_RETAIN_SELF = YES;
				CLANG_WARN_OBJC_LITERAL_CONVERSION = YES;
				CLANG_WARN_OBJC_ROOT_CLASS = YES_ERROR;
				CLANG_WARN_RANGE_LOOP_ANALYSIS = YES;
				CLANG_WARN_STRICT_PROTOTYPES = YES;
				CLANG_WARN_SUSPICIOUS_MOVE = YES;
				CLANG_WARN_UNGUARDED_AVAILABILITY = YES_AGGRESSIVE;
				CLANG_WARN_UNREACHABLE_CODE = YES;
				CLANG_WARN__DUPLICATE_METHOD_MATCH = YES;
				CODE_SIGN_IDENTITY = "Mac Developer";
				COPY_PHASE_STRIP = NO;
				DEBUG_INFORMATION_FORMAT = "dwarf-with-dsym";
				ENABLE_NS_ASSERTIONS = NO;
				ENABLE_STRICT_OBJC_MSGSEND = YES;
				GCC_C_LANGUAGE_STANDARD = gnu11;
				GCC_NO_COMMON_BLOCKS = YES;
				GCC_WARN_64_TO_32_BIT_CONVERSION = YES;
				GCC_WARN_ABOUT_RETURN_TYPE = YES_ERROR;
				GCC_WARN_UNDECLARED_SELECTOR = YES;
				GCC_WARN_UNINITIALIZED_AUTOS = YES_AGGRESSIVE;
				GCC_WARN_UNUSED_FUNCTION = YES;
				GCC_WARN_UNUSED_VARIABLE = YES;
				MACOSX_DEPLOYMENT_TARGET = 10.10;
				MTL_ENABLE_DEBUG_INFO = NO;
				MTL_FAST_MATH = YES;
				SDKROOT = macosx;
				SWIFT_COMPILATION_MODE = wholemodule;
				SWIFT_OPTIMIZATION_LEVEL = "-O";
			};
			name = Release;
		};
		851362A022BA87DA00FA8760 /* Debug */ = {
			isa = XCBuildConfiguration;
			baseConfigurationReference = 7105E2B838AB720EBC5EE111 /* Pods-ShortcutManager.debug.xcconfig */;
			buildSettings = {
				ASSETCATALOG_COMPILER_APPICON_NAME = AppIcon;
				CODE_SIGN_ENTITLEMENTS = ShortcutManager/SupportFiles/ShortcutManager.entitlements;
				CODE_SIGN_IDENTITY = "Mac Developer";
				CODE_SIGN_STYLE = Automatic;
				COMBINE_HIDPI_IMAGES = YES;
				DEVELOPMENT_TEAM = 6QG49X22JS;
				INFOPLIST_FILE = "$(SRCROOT)/ShortcutManager/SupportFiles/Info.plist";
				LD_RUNPATH_SEARCH_PATHS = (
					"$(inherited)",
					"@executable_path/../Frameworks",
				);
				MACOSX_DEPLOYMENT_TARGET = 10.10;
				PRODUCT_BUNDLE_IDENTIFIER = tk.bugking.ShortcutManager;
				PRODUCT_NAME = "$(TARGET_NAME)";
				PROVISIONING_PROFILE_SPECIFIER = "";
				SWIFT_VERSION = 5.0;
			};
			name = Debug;
		};
		851362A122BA87DA00FA8760 /* Release */ = {
			isa = XCBuildConfiguration;
			baseConfigurationReference = C46CF513A13B942BFD04C12B /* Pods-ShortcutManager.release.xcconfig */;
			buildSettings = {
				ASSETCATALOG_COMPILER_APPICON_NAME = AppIcon;
				CODE_SIGN_ENTITLEMENTS = ShortcutManager/SupportFiles/ShortcutManager.entitlements;
				CODE_SIGN_IDENTITY = "Mac Developer";
				CODE_SIGN_STYLE = Automatic;
				COMBINE_HIDPI_IMAGES = YES;
				DEVELOPMENT_TEAM = 6QG49X22JS;
				INFOPLIST_FILE = "$(SRCROOT)/ShortcutManager/SupportFiles/Info.plist";
				LD_RUNPATH_SEARCH_PATHS = (
					"$(inherited)",
					"@executable_path/../Frameworks",
				);
				MACOSX_DEPLOYMENT_TARGET = 10.10;
				PRODUCT_BUNDLE_IDENTIFIER = tk.bugking.ShortcutManager;
				PRODUCT_NAME = "$(TARGET_NAME)";
				PROVISIONING_PROFILE_SPECIFIER = "";
				SWIFT_VERSION = 5.0;
			};
			name = Release;
		};
		D20C540F22BB5330004FA266 /* Debug */ = {
			isa = XCBuildConfiguration;
			buildSettings = {
				ASSETCATALOG_COMPILER_APPICON_NAME = AppIcon;
				CODE_SIGN_ENTITLEMENTS = LoginHelper/LoginHelper.entitlements;
				CODE_SIGN_STYLE = Automatic;
				COMBINE_HIDPI_IMAGES = YES;
				DEVELOPMENT_TEAM = 6QG49X22JS;
				INFOPLIST_FILE = LoginHelper/Info.plist;
				LD_RUNPATH_SEARCH_PATHS = (
					"$(inherited)",
					"@executable_path/../Frameworks",
				);
				MACOSX_DEPLOYMENT_TARGET = 10.10;
				PRODUCT_BUNDLE_IDENTIFIER = tk.bugking.LoginHelper;
				PRODUCT_NAME = "$(TARGET_NAME)";
				SKIP_INSTALL = YES;
				SWIFT_VERSION = 5.0;
			};
			name = Debug;
		};
		D20C541022BB5330004FA266 /* Release */ = {
			isa = XCBuildConfiguration;
			buildSettings = {
				ASSETCATALOG_COMPILER_APPICON_NAME = AppIcon;
				CODE_SIGN_ENTITLEMENTS = LoginHelper/LoginHelper.entitlements;
				CODE_SIGN_STYLE = Automatic;
				COMBINE_HIDPI_IMAGES = YES;
				DEVELOPMENT_TEAM = 6QG49X22JS;
				INFOPLIST_FILE = LoginHelper/Info.plist;
				LD_RUNPATH_SEARCH_PATHS = (
					"$(inherited)",
					"@executable_path/../Frameworks",
				);
				MACOSX_DEPLOYMENT_TARGET = 10.10;
				PRODUCT_BUNDLE_IDENTIFIER = tk.bugking.LoginHelper;
				PRODUCT_NAME = "$(TARGET_NAME)";
				SKIP_INSTALL = YES;
				SWIFT_VERSION = 5.0;
			};
			name = Release;
		};
/* End XCBuildConfiguration section */

/* Begin XCConfigurationList section */
		8513628A22BA87D900FA8760 /* Build configuration list for PBXProject "ShortcutManager" */ = {
			isa = XCConfigurationList;
			buildConfigurations = (
				8513629D22BA87DA00FA8760 /* Debug */,
				8513629E22BA87DA00FA8760 /* Release */,
			);
			defaultConfigurationIsVisible = 0;
			defaultConfigurationName = Release;
		};
		8513629F22BA87DA00FA8760 /* Build configuration list for PBXNativeTarget "ShortcutManager" */ = {
			isa = XCConfigurationList;
			buildConfigurations = (
				851362A022BA87DA00FA8760 /* Debug */,
				851362A122BA87DA00FA8760 /* Release */,
			);
			defaultConfigurationIsVisible = 0;
			defaultConfigurationName = Release;
		};
		D20C540E22BB5330004FA266 /* Build configuration list for PBXNativeTarget "LoginHelper" */ = {
			isa = XCConfigurationList;
			buildConfigurations = (
				D20C540F22BB5330004FA266 /* Debug */,
				D20C541022BB5330004FA266 /* Release */,
			);
			defaultConfigurationIsVisible = 0;
			defaultConfigurationName = Release;
		};
/* End XCConfigurationList section */
	};
	rootObject = 8513628722BA87D900FA8760 /* Project object */;
}
